
Microsoft Visual Studio Solution File, Format Version 10.00
# Visual Studio 2008
Project("{8BC9CEB8-8B4A-11D0-8D11-00A0C91BC942}") = "SkinDetect", "SkinDetect\SkinDetect.vcproj", "{8D758676-B3E8-4753-B013-2D9EB41127B4}"
EndProject
Project("{8BC9CEB8-8B4A-11D0-8D11-00A0C91BC942}") = "DoTest", "DoTest\DoTest.vcproj", "{ED95E263-D14F-4925-BA72-4BD9D3FDDE41}"
EndProject
Project("{8BC9CEB8-8B4A-11D0-8D11-00A0C91BC942}") = "SkinDetectBayes", "SkinDetectBayes\SkinDetectBayes.vcproj", "{6D5FC505-EDB0-4588-A128-51E76906D8F1}"
EndProject
Project("{8BC9CEB8-8B4A-11D0-8D11-00A0C91BC942}") = "DataProcess", "DataProcess\DataProcess.vcproj", "{AB4F8083-B9A5-4A7B-BF31-A2940363F532}"
EndProject
Project("{8BC9CEB8-8B4A-11D0-8D11-00A0C91BC942}") = "SkinDetector", "SkinDetector\SkinDetector.vcproj", "{189E7942-8F8F-4645-9E52-B42B02BEF06A}"
EndProject
Global
	GlobalSection(SolutionConfigurationPlatforms) = preSolution
		Debug|Any CPU = Debug|Any CPU
		Debug|Mixed Platforms = Debug|Mixed Platforms
		Debug|Win32 = Debug|Win32
		Debug64 Itanium|Any CPU = Debug64 Itanium|Any CPU
		Debug64 Itanium|Mixed Platforms = Debug64 Itanium|Mixed Platforms
		Debug64 Itanium|Win32 = Debug64 Itanium|Win32
		Debug64|Any CPU = Debug64|Any CPU
		Debug64|Mixed Platforms = Debug64|Mixed Platforms
		Debug64|Win32 = Debug64|Win32
		Release|Any CPU = Release|Any CPU
		Release|Mixed Platforms = Release|Mixed Platforms
		Release|Win32 = Release|Win32
		Release64 Itanium|Any CPU = Release64 Itanium|Any CPU
		Release64 Itanium|Mixed Platforms = Release64 Itanium|Mixed Platforms
		Release64 Itanium|Win32 = Release64 Itanium|Win32
		Release64|Any CPU = Release64|Any CPU
		Release64|Mixed Platforms = Release64|Mixed Platforms
		Release64|Win32 = Release64|Win32
	EndGlobalSection
	GlobalSection(ProjectConfigurationPlatforms) = postSolution
		{8D758676-B3E8-4753-B013-2D9EB41127B4}.Debug|Any CPU.ActiveCfg = Debug|Win32
		{8D758676-B3E8-4753-B013-2D9EB41127B4}.Debug|Mixed Platforms.ActiveCfg = Debug|Win32
		{8D758676-B3E8-4753-B013-2D9EB41127B4}.Debug|Mixed Platforms.Build.0 = Debug|Win32
		{8D758676-B3E8-4753-B013-2D9EB41127B4}.Debug|Win32.ActiveCfg = Debug|Win32
		{8D758676-B3E8-4753-B013-2D9EB41127B4}.Debug|Win32.Build.0 = Debug|Win32
		{8D758676-B3E8-4753-B013-2D9EB41127B4}.Debug64 Itanium|Any CPU.ActiveCfg = Debug|Win32
		{8D758676-B3E8-4753-B013-2D9EB41127B4}.Debug64 Itanium|Mixed Platforms.ActiveCfg = Debug|Win32
		{8D758676-B3E8-4753-B013-2D9EB41127B4}.Debug64 Itanium|Mixed Platforms.Build.0 = Debug|Win32
		{8D758676-B3E8-4753-B013-2D9EB41127B4}.Debug64 Itanium|Win32.ActiveCfg = Debug|Win32
		{8D758676-B3E8-4753-B013-2D9EB41127B4}.Debug64 Itanium|Win32.Build.0 = Debug|Win32
		{8D758676-B3E8-4753-B013-2D9EB41127B4}.Debug64|Any CPU.ActiveCfg = Debug|Win32
		{8D758676-B3E8-4753-B013-2D9EB41127B4}.Debug64|Mixed Platforms.ActiveCfg = Debug|Win32
		{8D758676-B3E8-4753-B013-2D9EB41127B4}.Debug64|Mixed Platforms.Build.0 = Debug|Win32
		{8D758676-B3E8-4753-B013-2D9EB41127B4}.Debug64|Win32.ActiveCfg = Debug|Win32
		{8D758676-B3E8-4753-B013-2D9EB41127B4}.Debug64|Win32.Build.0 = Debug|Win32
		{8D758676-B3E8-4753-B013-2D9EB41127B4}.Release|Any CPU.ActiveCfg = Release|Win32
		{8D758676-B3E8-4753-B013-2D9EB41127B4}.Release|Mixed Platforms.ActiveCfg = Release|Win32
		{8D758676-B3E8-4753-B013-2D9EB41127B4}.Release|Mixed Platforms.Build.0 = Release|Win32
		{8D758676-B3E8-4753-B013-2D9EB41127B4}.Release|Win32.ActiveCfg = Release|Win32
		{8D758676-B3E8-4753-B013-2D9EB41127B4}.Release|Win32.Build.0 = Release|Win32
		{8D758676-B3E8-4753-B013-2D9EB41127B4}.Release64 Itanium|Any CPU.ActiveCfg = Release|Win32
		{8D758676-B3E8-4753-B013-2D9EB41127B4}.Release64 Itanium|Mixed Platforms.ActiveCfg = Release|Win32
		{8D758676-B3E8-4753-B013-2D9EB41127B4}.Release64 Itanium|Mixed Platforms.Build.0 = Release|Win32
		{8D758676-B3E8-4753-B013-2D9EB41127B4}.Release64 Itanium|Win32.ActiveCfg = Release|Win32
		{8D758676-B3E8-4753-B013-2D9EB41127B4}.Release64 Itanium|Win32.Build.0 = Release|Win32
		{8D758676-B3E8-4753-B013-2D9EB41127B4}.Release64|Any CPU.ActiveCfg = Release|Win32
		{8D758676-B3E8-4753-B013-2D9EB41127B4}.Release64|Mixed Platforms.ActiveCfg = Release|Win32
		{8D758676-B3E8-4753-B013-2D9EB41127B4}.Release64|Mixed Platforms.Build.0 = Release|Win32
		{8D758676-B3E8-4753-B013-2D9EB41127B4}.Release64|Win32.ActiveCfg = Release|Win32
		{8D758676-B3E8-4753-B013-2D9EB41127B4}.Release64|Win32.Build.0 = Release|Win32
		{ED95E263-D14F-4925-BA72-4BD9D3FDDE41}.Debug|Any CPU.ActiveCfg = Debug|Win32
		{ED95E263-D14F-4925-BA72-4BD9D3FDDE41}.Debug|Mixed Platforms.ActiveCfg = Debug|Win32
		{ED95E263-D14F-4925-BA72-4BD9D3FDDE41}.Debug|Mixed Platforms.Build.0 = Debug|Win32
		{ED95E263-D14F-4925-BA72-4BD9D3FDDE41}.Debug|Win32.ActiveCfg = Debug|Win32
		{ED95E263-D14F-4925-BA72-4BD9D3FDDE41}.Debug|Win32.Build.0 = Debug|Win32
		{ED95E263-D14F-4925-BA72-4BD9D3FDDE41}.Debug64 Itanium|Any CPU.ActiveCfg = Debug|Win32
		{ED95E263-D14F-4925-BA72-4BD9D3FDDE41}.Debug64 Itanium|Mixed Platforms.ActiveCfg = Debug|Win32
		{ED95E263-D14F-4925-BA72-4BD9D3FDDE41}.Debug64 Itanium|Mixed Platforms.Build.0 = Debug|Win32
		{ED95E263-D14F-4925-BA72-4BD9D3FDDE41}.Debug64 Itanium|Win32.ActiveCfg = Debug|Win32
		{ED95E263-D14F-4925-BA72-4BD9D3FDDE41}.Debug64 Itanium|Win32.Build.0 = Debug|Win32
		{ED95E263-D14F-4925-BA72-4BD9D3FDDE41}.Debug64|Any CPU.ActiveCfg = Debug|Win32
		{ED95E263-D14F-4925-BA72-4BD9D3FDDE41}.Debug64|Mixed Platforms.ActiveCfg = Debug|Win32
		{ED95E263-D14F-4925-BA72-4BD9D3FDDE41}.Debug64|Mixed Platforms.Build.0 = Debug|Win32
		{ED95E263-D14F-4925-BA72-4BD9D3FDDE41}.Debug64|Win32.ActiveCfg = Debug|Win32
		{ED95E263-D14F-4925-BA72-4BD9D3FDDE41}.Debug64|Win32.Build.0 = Debug|Win32
		{ED95E263-D14F-4925-BA72-4BD9D3FDDE41}.Release|Any CPU.ActiveCfg = Release|Win32
		{ED95E263-D14F-4925-BA72-4BD9D3FDDE41}.Release|Mixed Platforms.ActiveCfg = Release|Win32
		{ED95E263-D14F-4925-BA72-4BD9D3FDDE41}.Release|Mixed Platforms.Build.0 = Release|Win32
		{ED95E263-D14F-4925-BA72-4BD9D3FDDE41}.Release|Win32.ActiveCfg = Release|Win32
		{ED95E263-D14F-4925-BA72-4BD9D3FDDE41}.Release|Win32.Build.0 = Release|Win32
		{ED95E263-D14F-4925-BA72-4BD9D3FDDE41}.Release64 Itanium|Any CPU.ActiveCfg = Release|Win32
		{ED95E263-D14F-4925-BA72-4BD9D3FDDE41}.Release64 Itanium|Mixed Platforms.ActiveCfg = Release|Win32
		{ED95E263-D14F-4925-BA72-4BD9D3FDDE41}.Release64 Itanium|Mixed Platforms.Build.0 = Release|Win32
		{ED95E263-D14F-4925-BA72-4BD9D3FDDE41}.Release64 Itanium|Win32.ActiveCfg = Release|Win32
		{ED95E263-D14F-4925-BA72-4BD9D3FDDE41}.Release64 Itanium|Win32.Build.0 = Release|Win32
		{ED95E263-D14F-4925-BA72-4BD9D3FDDE41}.Release64|Any CPU.ActiveCfg = Release|Win32
		{ED95E263-D14F-4925-BA72-4BD9D3FDDE41}.Release64|Mixed Platforms.ActiveCfg = Release|Win32
		{ED95E263-D14F-4925-BA72-4BD9D3FDDE41}.Release64|Mixed Platforms.Build.0 = Release|Win32
		{ED95E263-D14F-4925-BA72-4BD9D3FDDE41}.Release64|Win32.ActiveCfg = Release|Win32
		{ED95E263-D14F-4925-BA72-4BD9D3FDDE41}.Release64|Win32.Build.0 = Release|Win32
		{6D5FC505-EDB0-4588-A128-51E76906D8F1}.Debug|Any CPU.ActiveCfg = Debug|Win32
		{6D5FC505-EDB0-4588-A128-51E76906D8F1}.Debug|Mixed Platforms.ActiveCfg = Debug|Win32
		{6D5FC505-EDB0-4588-A128-51E76906D8F1}.Debug|Mixed Platforms.Build.0 = Debug|Win32
		{6D5FC505-EDB0-4588-A128-51E76906D8F1}.Debug|Win32.ActiveCfg = Debug|Win32
		{6D5FC505-EDB0-4588-A128-51E76906D8F1}.Debug|Win32.Build.0 = Debug|Win32
		{6D5FC505-EDB0-4588-A128-51E76906D8F1}.Debug64 Itanium|Any CPU.ActiveCfg = Debug|Win32
		{6D5FC505-EDB0-4588-A128-51E76906D8F1}.Debug64 Itanium|Mixed Platforms.ActiveCfg = Debug|Win32
		{6D5FC505-EDB0-4588-A128-51E76906D8F1}.Debug64 Itanium|Mixed Platforms.Build.0 = Debug|Win32
		{6D5FC505-EDB0-4588-A128-51E76906D8F1}.Debug64 Itanium|Win32.ActiveCfg = Debug|Win32
		{6D5FC505-EDB0-4588-A128-51E76906D8F1}.Debug64 Itanium|Win32.Build.0 = Debug|Win32
		{6D5FC505-EDB0-4588-A128-51E76906D8F1}.Debug64|Any CPU.ActiveCfg = Debug|Win32
		{6D5FC505-EDB0-4588-A128-51E76906D8F1}.Debug64|Mixed Platforms.ActiveCfg = Debug|Win32
		{6D5FC505-EDB0-4588-A128-51E76906D8F1}.Debug64|Mixed Platforms.Build.0 = Debug|Win32
		{6D5FC505-EDB0-4588-A128-51E76906D8F1}.Debug64|Win32.ActiveCfg = Debug|Win32
		{6D5FC505-EDB0-4588-A128-51E76906D8F1}.Debug64|Win32.Build.0 = Debug|Win32
		{6D5FC505-EDB0-4588-A128-51E76906D8F1}.Release|Any CPU.ActiveCfg = Release|Win32
		{6D5FC505-EDB0-4588-A128-51E76906D8F1}.Release|Mixed Platforms.ActiveCfg = Release|Win32
		{6D5FC505-EDB0-4588-A128-51E76906D8F1}.Release|Mixed Platforms.Build.0 = Release|Win32
		{6D5FC505-EDB0-4588-A128-51E76906D8F1}.Release|Win32.ActiveCfg = Release|Win32
		{6D5FC505-EDB0-4588-A128-51E76906D8F1}.Release|Win32.Build.0 = Release|Win32
		{6D5FC505-EDB0-4588-A128-51E76906D8F1}.Release64 Itanium|Any CPU.ActiveCfg = Release|Win32
		{6D5FC505-EDB0-4588-A128-51E76906D8F1}.Release64 Itanium|Mixed Platforms.ActiveCfg = Release|Win32
		{6D5FC505-EDB0-4588-A128-51E76906D8F1}.Release64 Itanium|Mixed Platforms.Build.0 = Release|Win32
		{6D5FC505-EDB0-4588-A128-51E76906D8F1}.Release64 Itanium|Win32.ActiveCfg = Release|Win32
		{6D5FC505-EDB0-4588-A128-51E76906D8F1}.Release64 Itanium|Win32.Build.0 = Release|Win32
		{6D5FC505-EDB0-4588-A128-51E76906D8F1}.Release64|Any CPU.ActiveCfg = Release|Win32
		{6D5FC505-EDB0-4588-A128-51E76906D8F1}.Release64|Mixed Platforms.ActiveCfg = Release|Win32
		{6D5FC505-EDB0-4588-A128-51E76906D8F1}.Release64|Mixed Platforms.Build.0 = Release|Win32
		{6D5FC505-EDB0-4588-A128-51E76906D8F1}.Release64|Win32.ActiveCfg = Release|Win32
		{6D5FC505-EDB0-4588-A128-51E76906D8F1}.Release64|Win32.Build.0 = Release|Win32
		{AB4F8083-B9A5-4A7B-BF31-A2940363F532}.Debug|Any CPU.ActiveCfg = Debug|Win32
		{AB4F8083-B9A5-4A7B-BF31-A2940363F532}.Debug|Mixed Platforms.ActiveCfg = Debug|Win32
		{AB4F8083-B9A5-4A7B-BF31-A2940363F532}.Debug|Mixed Platforms.Build.0 = Debug|Win32
		{AB4F8083-B9A5-4A7B-BF31-A2940363F532}.Debug|Win32.ActiveCfg = Debug|Win32
		{AB4F8083-B9A5-4A7B-BF31-A2940363F532}.Debug|Win32.Build.0 = Debug|Win32
		{AB4F8083-B9A5-4A7B-BF31-A2940363F532}.Debug64 Itanium|Any CPU.ActiveCfg = Debug|Win32
		{AB4F8083-B9A5-4A7B-BF31-A2940363F532}.Debug64 Itanium|Mixed Platforms.ActiveCfg = Debug|Win32
		{AB4F8083-B9A5-4A7B-BF31-A2940363F532}.Debug64 Itanium|Mixed Platforms.Build.0 = Debug|Win32
		{AB4F8083-B9A5-4A7B-BF31-A2940363F532}.Debug64 Itanium|Win32.ActiveCfg = Debug|Win32
		{AB4F8083-B9A5-4A7B-BF31-A2940363F532}.Debug64 Itanium|Win32.Build.0 = Debug|Win32
		{AB4F8083-B9A5-4A7B-BF31-A2940363F532}.Debug64|Any CPU.ActiveCfg = Debug|Win32
		{AB4F8083-B9A5-4A7B-BF31-A2940363F532}.Debug64|Mixed Platforms.ActiveCfg = Debug|Win32
		{AB4F8083-B9A5-4A7B-BF31-A2940363F532}.Debug64|Mixed Platforms.Build.0 = Debug|Win32
		{AB4F8083-B9A5-4A7B-BF31-A2940363F532}.Debug64|Win32.ActiveCfg = Debug|Win32
		{AB4F8083-B9A5-4A7B-BF31-A2940363F532}.Debug64|Win32.Build.0 = Debug|Win32
		{AB4F8083-B9A5-4A7B-BF31-A2940363F532}.Release|Any CPU.ActiveCfg = Release|Win32
		{AB4F8083-B9A5-4A7B-BF31-A2940363F532}.Release|Mixed Platforms.ActiveCfg = Release|Win32
		{AB4F8083-B9A5-4A7B-BF31-A2940363F532}.Release|Mixed Platforms.Build.0 = Release|Win32
		{AB4F8083-B9A5-4A7B-BF31-A2940363F532}.Release|Win32.ActiveCfg = Release|Win32
		{AB4F8083-B9A5-4A7B-BF31-A2940363F532}.Release|Win32.Build.0 = Release|Win32
		{AB4F8083-B9A5-4A7B-BF31-A2940363F532}.Release64 Itanium|Any CPU.ActiveCfg = Release|Win32
		{AB4F8083-B9A5-4A7B-BF31-A2940363F532}.Release64 Itanium|Mixed Platforms.ActiveCfg = Release|Win32
		{AB4F8083-B9A5-4A7B-BF31-A2940363F532}.Release64 Itanium|Mixed Platforms.Build.0 = Release|Win32
		{AB4F8083-B9A5-4A7B-BF31-A2940363F532}.Release64 Itanium|Win32.ActiveCfg = Release|Win32
		{AB4F8083-B9A5-4A7B-BF31-A2940363F532}.Release64 Itanium|Win32.Build.0 = Release|Win32
		{AB4F8083-B9A5-4A7B-BF31-A2940363F532}.Release64|Any CPU.ActiveCfg = Release|Win32
		{AB4F8083-B9A5-4A7B-BF31-A2940363F532}.Release64|Mixed Platforms.ActiveCfg = Release|Win32
		{AB4F8083-B9A5-4A7B-BF31-A2940363F532}.Release64|Mixed Platforms.Build.0 = Release|Win32
		{AB4F8083-B9A5-4A7B-BF31-A2940363F532}.Release64|Win32.ActiveCfg = Release|Win32
		{AB4F8083-B9A5-4A7B-BF31-A2940363F532}.Release64|Win32.Build.0 = Release|Win32
		{189E7942-8F8F-4645-9E52-B42B02BEF06A}.Debug|Any CPU.ActiveCfg = Debug|Win32
		{189E7942-8F8F-4645-9E52-B42B02BEF06A}.Debug|Mixed Platforms.ActiveCfg = Debug|Win32
		{189E7942-8F8F-4645-9E52-B42B02BEF06A}.Debug|Mixed Platforms.Build.0 = Debug|Win32
		{189E7942-8F8F-4645-9E52-B42B02BEF06A}.Debug|Win32.ActiveCfg = Debug|Win32
		{189E7942-8F8F-4645-9E52-B42B02BEF06A}.Debug|Win32.Build.0 = Debug|Win32
		{189E7942-8F8F-4645-9E52-B42B02BEF06A}.Debug64 Itanium|Any CPU.ActiveCfg = Debug|Win32
		{189E7942-8F8F-4645-9E52-B42B02BEF06A}.Debug64 Itanium|Mixed Platforms.ActiveCfg = Debug|Win32
		{189E7942-8F8F-4645-9E52-B42B02BEF06A}.Debug64 Itanium|Mixed Platforms.Build.0 = Debug|Win32
		{189E7942-8F8F-4645-9E52-B42B02BEF06A}.Debug64 Itanium|Win32.ActiveCfg = Debug|Win32
		{189E7942-8F8F-4645-9E52-B42B02BEF06A}.Debug64 Itanium|Win32.Build.0 = Debug|Win32
		{189E7942-8F8F-4645-9E52-B42B02BEF06A}.Debug64|Any CPU.ActiveCfg = Debug|Win32
		{189E7942-8F8F-4645-9E52-B42B02BEF06A}.Debug64|Mixed Platforms.ActiveCfg = Debug|Win32
		{189E7942-8F8F-4645-9E52-B42B02BEF06A}.Debug64|Mixed Platforms.Build.0 = Debug|Win32
		{189E7942-8F8F-4645-9E52-B42B02BEF06A}.Debug64|Win32.ActiveCfg = Debug|Win32
		{189E7942-8F8F-4645-9E52-B42B02BEF06A}.Debug64|Win32.Build.0 = Debug|Win32
		{189E7942-8F8F-4645-9E52-B42B02BEF06A}.Release|Any CPU.ActiveCfg = Release|Win32
		{189E7942-8F8F-4645-9E52-B42B02BEF06A}.Release|Mixed Platforms.ActiveCfg = Release|Win32
		{189E7942-8F8F-4645-9E52-B42B02BEF06A}.Release|Mixed Platforms.Build.0 = Release|Win32
		{189E7942-8F8F-4645-9E52-B42B02BEF06A}.Release|Win32.ActiveCfg = Release|Win32
		{189E7942-8F8F-4645-9E52-B42B02BEF06A}.Release|Win32.Build.0 = Release|Win32
		{189E7942-8F8F-4645-9E52-B42B02BEF06A}.Release64 Itanium|Any CPU.ActiveCfg = Release|Win32
		{189E7942-8F8F-4645-9E52-B42B02BEF06A}.Release64 Itanium|Mixed Platforms.ActiveCfg = Release|Win32
		{189E7942-8F8F-4645-9E52-B42B02BEF06A}.Release64 Itanium|Mixed Platforms.Build.0 = Release|Win32
		{189E7942-8F8F-4645-9E52-B42B02BEF06A}.Release64 Itanium|Win32.ActiveCfg = Release|Win32
		{189E7942-8F8F-4645-9E52-B42B02BEF06A}.Release64 Itanium|Win32.Build.0 = Release|Win32
		{189E7942-8F8F-4645-9E52-B42B02BEF06A}.Release64|Any CPU.ActiveCfg = Release|Win32
		{189E7942-8F8F-4645-9E52-B42B02BEF06A}.Release64|Mixed Platforms.ActiveCfg = Release|Win32
		{189E7942-8F8F-4645-9E52-B42B02BEF06A}.Release64|Mixed Platforms.Build.0 = Release|Win32
		{189E7942-8F8F-4645-9E52-B42B02BEF06A}.Release64|Win32.ActiveCfg = Release|Win32
		{189E7942-8F8F-4645-9E52-B42B02BEF06A}.Release64|Win32.Build.0 = Release|Win32
	EndGlobalSection
	GlobalSection(SolutionProperties) = preSolution
		HideSolutionNode = FALSE
	EndGlobalSection
EndGlobal
